
Microsoft Visual Studio Solution File, Format Version 12.00
# Visual Studio Version 17
VisualStudioVersion = 17.9.34714.143
MinimumVisualStudioVersion = 10.0.40219.1
Project("{FAE04EC0-301F-11D3-BF4B-00C04F79EFBC}") = "Express Voitures", "Express Voitures\Express Voitures.csproj", "{6DAD71F7-4C3D-492C-AF8B-4D8DDE42A055}"
EndProject
Global
	GlobalSection(SolutionConfigurationPlatforms) = preSolution
		Debug|Any CPU = Debug|Any CPU
		Release|Any CPU = Release|Any CPU
	EndGlobalSection
	GlobalSection(ProjectConfigurationPlatforms) = postSolution
		{6DAD71F7-4C3D-492C-AF8B-4D8DDE42A055}.Debug|Any CPU.ActiveCfg = Debug|Any CPU
		{6DAD71F7-4C3D-492C-AF8B-4D8DDE42A055}.Debug|Any CPU.Build.0 = Debug|Any CPU
		{6DAD71F7-4C3D-492C-AF8B-4D8DDE42A055}.Release|Any CPU.ActiveCfg = Release|Any CPU
		{6DAD71F7-4C3D-492C-AF8B-4D8DDE42A055}.Release|Any CPU.Build.0 = Release|Any CPU
	EndGlobalSection
	GlobalSection(SolutionProperties) = preSolution
		HideSolutionNode = FALSE
	EndGlobalSection
	GlobalSection(ExtensibilityGlobals) = postSolution
		SolutionGuid = {992DB6D4-1563-4B49-928F-699829DDCEFF}
	EndGlobalSection
EndGlobal
